// !$*UTF8*$!
{
	archiveVersion = 1;
	classes = {
	};
	objectVersion = 46;
	objects = {

/* Begin PBXBuildFile section */
		33176A881A95C4B100604F18 /* main.m in Sources */ = {isa = PBXBuildFile; fileRef = 33176A871A95C4B100604F18 /* main.m */; };
		33176A8B1A95C4B100604F18 /* AppDelegate.m in Sources */ = {isa = PBXBuildFile; fileRef = 33176A8A1A95C4B100604F18 /* AppDelegate.m */; };
		33176A8E1A95C4B100604F18 /* ViewController.m in Sources */ = {isa = PBXBuildFile; fileRef = 33176A8D1A95C4B100604F18 /* ViewController.m */; };
		33176A911A95C4B100604F18 /* Main.storyboard in Resources */ = {isa = PBXBuildFile; fileRef = 33176A8F1A95C4B100604F18 /* Main.storyboard */; };
		33176A931A95C4B100604F18 /* Images.xcassets in Resources */ = {isa = PBXBuildFile; fileRef = 33176A921A95C4B100604F18 /* Images.xcassets */; };
		33176A961A95C4B100604F18 /* LaunchScreen.xib in Resources */ = {isa = PBXBuildFile; fileRef = 33176A941A95C4B100604F18 /* LaunchScreen.xib */; };
		33176AA21A95C4B200604F18 /* PlayCardTests.m in Sources */ = {isa = PBXBuildFile; fileRef = 33176AA11A95C4B200604F18 /* PlayCardTests.m */; };
		33176AAD1A95EC9D00604F18 /* Card.m in Sources */ = {isa = PBXBuildFile; fileRef = 33176AAC1A95EC9D00604F18 /* Card.m */; };
		33176AB11A95EE7200604F18 /* Deck.m in Sources */ = {isa = PBXBuildFile; fileRef = 33176AB01A95EE7200604F18 /* Deck.m */; };
		33176AB41A95F15900604F18 /* PlayingCard.m in Sources */ = {isa = PBXBuildFile; fileRef = 33176AB31A95F15900604F18 /* PlayingCard.m */; };
		33176AB71A95F4D400604F18 /* PlayingCardDeck.m in Sources */ = {isa = PBXBuildFile; fileRef = 33176AB61A95F4D400604F18 /* PlayingCardDeck.m */; };
		33176ABA1A96302C00604F18 /* CardMatchingGame.m in Sources */ = {isa = PBXBuildFile; fileRef = 33176AB91A96302C00604F18 /* CardMatchingGame.m */; };
		33176AEF1A9DBF6B00604F18 /* SetCard.m in Sources */ = {isa = PBXBuildFile; fileRef = 33176AEE1A9DBF6B00604F18 /* SetCard.m */; };
		33176AF21A9DBF8B00604F18 /* SetCardDeck.m in Sources */ = {isa = PBXBuildFile; fileRef = 33176AF11A9DBF8B00604F18 /* SetCardDeck.m */; };
		33176AF51A9DBFB000604F18 /* SetCardGame.m in Sources */ = {isa = PBXBuildFile; fileRef = 33176AF41A9DBFB000604F18 /* SetCardGame.m */; };
		33176AF81A9F03A600604F18 /* SetGameViewController.m in Sources */ = {isa = PBXBuildFile; fileRef = 33176AF71A9F03A600604F18 /* SetGameViewController.m */; };
		33176AFB1A9F254600604F18 /* HistoryViewController.m in Sources */ = {isa = PBXBuildFile; fileRef = 33176AFA1A9F254600604F18 /* HistoryViewController.m */; };
		33176AFE1A9F2EC300604F18 /* ActionDescription.m in Sources */ = {isa = PBXBuildFile; fileRef = 33176AFD1A9F2EC300604F18 /* ActionDescription.m */; };
/* End PBXBuildFile section */

/* Begin PBXContainerItemProxy section */
		33176A9C1A95C4B200604F18 /* PBXContainerItemProxy */ = {
			isa = PBXContainerItemProxy;
			containerPortal = 33176A7A1A95C4B100604F18 /* Project object */;
			proxyType = 1;
			remoteGlobalIDString = 33176A811A95C4B100604F18;
			remoteInfo = PlayCard;
		};
/* End PBXContainerItemProxy section */

/* Begin PBXFileReference section */
		33176A821A95C4B100604F18 /* PlayCard.app */ = {isa = PBXFileReference; explicitFileType = wrapper.application; includeInIndex = 0; path = PlayCard.app; sourceTree = BUILT_PRODUCTS_DIR; };
		33176A861A95C4B100604F18 /* Info.plist */ = {isa = PBXFileReference; lastKnownFileType = text.plist.xml; path = Info.plist; sourceTree = "<group>"; };
		33176A871A95C4B100604F18 /* main.m */ = {isa = PBXFileReference; lastKnownFileType = sourcecode.c.objc; path = main.m; sourceTree = "<group>"; };
		33176A891A95C4B100604F18 /* AppDelegate.h */ = {isa = PBXFileReference; lastKnownFileType = sourcecode.c.h; path = AppDelegate.h; sourceTree = "<group>"; };
		33176A8A1A95C4B100604F18 /* AppDelegate.m */ = {isa = PBXFileReference; lastKnownFileType = sourcecode.c.objc; path = AppDelegate.m; sourceTree = "<group>"; };
		33176A8C1A95C4B100604F18 /* ViewController.h */ = {isa = PBXFileReference; lastKnownFileType = sourcecode.c.h; path = ViewController.h; sourceTree = "<group>"; };
		33176A8D1A95C4B100604F18 /* ViewController.m */ = {isa = PBXFileReference; lastKnownFileType = sourcecode.c.objc; path = ViewController.m; sourceTree = "<group>"; };
		33176A901A95C4B100604F18 /* Base */ = {isa = PBXFileReference; lastKnownFileType = file.storyboard; name = Base; path = Base.lproj/Main.storyboard; sourceTree = "<group>"; };
		33176A921A95C4B100604F18 /* Images.xcassets */ = {isa = PBXFileReference; lastKnownFileType = folder.assetcatalog; path = Images.xcassets; sourceTree = "<group>"; };
		33176A951A95C4B100604F18 /* Base */ = {isa = PBXFileReference; lastKnownFileType = file.xib; name = Base; path = Base.lproj/LaunchScreen.xib; sourceTree = "<group>"; };
		33176A9B1A95C4B200604F18 /* PlayCardTests.xctest */ = {isa = PBXFileReference; explicitFileType = wrapper.cfbundle; includeInIndex = 0; path = PlayCardTests.xctest; sourceTree = BUILT_PRODUCTS_DIR; };
		33176AA01A95C4B200604F18 /* Info.plist */ = {isa = PBXFileReference; lastKnownFileType = text.plist.xml; path = Info.plist; sourceTree = "<group>"; };
		33176AA11A95C4B200604F18 /* PlayCardTests.m */ = {isa = PBXFileReference; lastKnownFileType = sourcecode.c.objc; path = PlayCardTests.m; sourceTree = "<group>"; };
		33176AAB1A95EC9D00604F18 /* Card.h */ = {isa = PBXFileReference; fileEncoding = 4; lastKnownFileType = sourcecode.c.h; name = Card.h; path = Model/Card.h; sourceTree = "<group>"; };
		33176AAC1A95EC9D00604F18 /* Card.m */ = {isa = PBXFileReference; fileEncoding = 4; lastKnownFileType = sourcecode.c.objc; name = Card.m; path = Model/Card.m; sourceTree = "<group>"; };
		33176AAF1A95EE7200604F18 /* Deck.h */ = {isa = PBXFileReference; fileEncoding = 4; lastKnownFileType = sourcecode.c.h; name = Deck.h; path = Model/Deck.h; sourceTree = "<group>"; };
		33176AB01A95EE7200604F18 /* Deck.m */ = {isa = PBXFileReference; fileEncoding = 4; lastKnownFileType = sourcecode.c.objc; name = Deck.m; path = Model/Deck.m; sourceTree = "<group>"; };
		33176AB21A95F15900604F18 /* PlayingCard.h */ = {isa = PBXFileReference; fileEncoding = 4; lastKnownFileType = sourcecode.c.h; name = PlayingCard.h; path = Model/PlayingCard.h; sourceTree = "<group>"; };
		33176AB31A95F15900604F18 /* PlayingCard.m */ = {isa = PBXFileReference; fileEncoding = 4; lastKnownFileType = sourcecode.c.objc; name = PlayingCard.m; path = Model/PlayingCard.m; sourceTree = "<group>"; };
		33176AB51A95F4D400604F18 /* PlayingCardDeck.h */ = {isa = PBXFileReference; fileEncoding = 4; lastKnownFileType = sourcecode.c.h; name = PlayingCardDeck.h; path = Model/PlayingCardDeck.h; sourceTree = "<group>"; };
		33176AB61A95F4D400604F18 /* PlayingCardDeck.m */ = {isa = PBXFileReference; fileEncoding = 4; lastKnownFileType = sourcecode.c.objc; name = PlayingCardDeck.m; path = Model/PlayingCardDeck.m; sourceTree = "<group>"; };
		33176AB81A96302C00604F18 /* CardMatchingGame.h */ = {isa = PBXFileReference; fileEncoding = 4; lastKnownFileType = sourcecode.c.h; name = CardMatchingGame.h; path = Model/CardMatchingGame.h; sourceTree = "<group>"; };
		33176AB91A96302C00604F18 /* CardMatchingGame.m */ = {isa = PBXFileReference; fileEncoding = 4; lastKnownFileType = sourcecode.c.objc; name = CardMatchingGame.m; path = Model/CardMatchingGame.m; sourceTree = "<group>"; };
		33176AED1A9DBF6B00604F18 /* SetCard.h */ = {isa = PBXFileReference; fileEncoding = 4; lastKnownFileType = sourcecode.c.h; path = SetCard.h; sourceTree = "<group>"; };
		33176AEE1A9DBF6B00604F18 /* SetCard.m */ = {isa = PBXFileReference; fileEncoding = 4; lastKnownFileType = sourcecode.c.objc; path = SetCard.m; sourceTree = "<group>"; };
		33176AF01A9DBF8B00604F18 /* SetCardDeck.h */ = {isa = PBXFileReference; fileEncoding = 4; lastKnownFileType = sourcecode.c.h; path = SetCardDeck.h; sourceTree = "<group>"; };
		33176AF11A9DBF8B00604F18 /* SetCardDeck.m */ = {isa = PBXFileReference; fileEncoding = 4; lastKnownFileType = sourcecode.c.objc; path = SetCardDeck.m; sourceTree = "<group>"; };
		33176AF31A9DBFB000604F18 /* SetCardGame.h */ = {isa = PBXFileReference; fileEncoding = 4; lastKnownFileType = sourcecode.c.h; path = SetCardGame.h; sourceTree = "<group>"; };
		33176AF41A9DBFB000604F18 /* SetCardGame.m */ = {isa = PBXFileReference; fileEncoding = 4; lastKnownFileType = sourcecode.c.objc; path = SetCardGame.m; sourceTree = "<group>"; };
		33176AF61A9F03A600604F18 /* SetGameViewController.h */ = {isa = PBXFileReference; fileEncoding = 4; lastKnownFileType = sourcecode.c.h; path = SetGameViewController.h; sourceTree = "<group>"; };
		33176AF71A9F03A600604F18 /* SetGameViewController.m */ = {isa = PBXFileReference; fileEncoding = 4; lastKnownFileType = sourcecode.c.objc; path = SetGameViewController.m; sourceTree = "<group>"; };
		33176AF91A9F254600604F18 /* HistoryViewController.h */ = {isa = PBXFileReference; fileEncoding = 4; lastKnownFileType = sourcecode.c.h; path = HistoryViewController.h; sourceTree = "<group>"; };
		33176AFA1A9F254600604F18 /* HistoryViewController.m */ = {isa = PBXFileReference; fileEncoding = 4; lastKnownFileType = sourcecode.c.objc; path = HistoryViewController.m; sourceTree = "<group>"; };
		33176AFC1A9F2EC300604F18 /* ActionDescription.h */ = {isa = PBXFileReference; fileEncoding = 4; lastKnownFileType = sourcecode.c.h; name = ActionDescription.h; path = Model/ActionDescription.h; sourceTree = "<group>"; };
		33176AFD1A9F2EC300604F18 /* ActionDescription.m */ = {isa = PBXFileReference; fileEncoding = 4; lastKnownFileType = sourcecode.c.objc; name = ActionDescription.m; path = Model/ActionDescription.m; sourceTree = "<group>"; };
/* End PBXFileReference section */

/* Begin PBXFrameworksBuildPhase section */
		33176A7F1A95C4B100604F18 /* Frameworks */ = {
			isa = PBXFrameworksBuildPhase;
			buildActionMask = 2147483647;
			files = (
			);
			runOnlyForDeploymentPostprocessing = 0;
		};
		33176A981A95C4B200604F18 /* Frameworks */ = {
			isa = PBXFrameworksBuildPhase;
			buildActionMask = 2147483647;
			files = (
			);
			runOnlyForDeploymentPostprocessing = 0;
		};
/* End PBXFrameworksBuildPhase section */

/* Begin PBXGroup section */
		33176A791A95C4B100604F18 = {
			isa = PBXGroup;
			children = (
				33176A841A95C4B100604F18 /* PlayCard */,
				33176A9E1A95C4B200604F18 /* PlayCardTests */,
				33176A831A95C4B100604F18 /* Products */,
			);
			sourceTree = "<group>";
		};
		33176A831A95C4B100604F18 /* Products */ = {
			isa = PBXGroup;
			children = (
				33176A821A95C4B100604F18 /* PlayCard.app */,
				33176A9B1A95C4B200604F18 /* PlayCardTests.xctest */,
			);
			name = Products;
			sourceTree = "<group>";
		};
		33176A841A95C4B100604F18 /* PlayCard */ = {
			isa = PBXGroup;
			children = (
				33176AAE1A95EE3F00604F18 /* Models */,
				33176A8C1A95C4B100604F18 /* ViewController.h */,
				33176A8D1A95C4B100604F18 /* ViewController.m */,
				33176A8F1A95C4B100604F18 /* Main.storyboard */,
				33176A921A95C4B100604F18 /* Images.xcassets */,
				33176A941A95C4B100604F18 /* LaunchScreen.xib */,
				33176A851A95C4B100604F18 /* Supporting Files */,
				33176AF61A9F03A600604F18 /* SetGameViewController.h */,
				33176AF71A9F03A600604F18 /* SetGameViewController.m */,
				33176AF91A9F254600604F18 /* HistoryViewController.h */,
				33176AFA1A9F254600604F18 /* HistoryViewController.m */,
			);
			path = PlayCard;
			sourceTree = "<group>";
		};
		33176A851A95C4B100604F18 /* Supporting Files */ = {
			isa = PBXGroup;
			children = (
				33176A891A95C4B100604F18 /* AppDelegate.h */,
				33176A8A1A95C4B100604F18 /* AppDelegate.m */,
				33176A861A95C4B100604F18 /* Info.plist */,
				33176A871A95C4B100604F18 /* main.m */,
			);
			name = "Supporting Files";
			sourceTree = "<group>";
		};
		33176A9E1A95C4B200604F18 /* PlayCardTests */ = {
			isa = PBXGroup;
			children = (
				33176AA11A95C4B200604F18 /* PlayCardTests.m */,
				33176A9F1A95C4B200604F18 /* Supporting Files */,
			);
			path = PlayCardTests;
			sourceTree = "<group>";
		};
		33176A9F1A95C4B200604F18 /* Supporting Files */ = {
			isa = PBXGroup;
			children = (
				33176AA01A95C4B200604F18 /* Info.plist */,
			);
			name = "Supporting Files";
			sourceTree = "<group>";
		};
		33176AAE1A95EE3F00604F18 /* Models */ = {
			isa = PBXGroup;
			children = (
				33176AAB1A95EC9D00604F18 /* Card.h */,
				33176AAC1A95EC9D00604F18 /* Card.m */,
				33176AAF1A95EE7200604F18 /* Deck.h */,
				33176AB01A95EE7200604F18 /* Deck.m */,
				33176AB21A95F15900604F18 /* PlayingCard.h */,
				33176AB31A95F15900604F18 /* PlayingCard.m */,
				33176AB51A95F4D400604F18 /* PlayingCardDeck.h */,
				33176AB61A95F4D400604F18 /* PlayingCardDeck.m */,
				33176AB81A96302C00604F18 /* CardMatchingGame.h */,
				33176AB91A96302C00604F18 /* CardMatchingGame.m */,
				33176AED1A9DBF6B00604F18 /* SetCard.h */,
				33176AEE1A9DBF6B00604F18 /* SetCard.m */,
				33176AF01A9DBF8B00604F18 /* SetCardDeck.h */,
				33176AF11A9DBF8B00604F18 /* SetCardDeck.m */,
				33176AF31A9DBFB000604F18 /* SetCardGame.h */,
				33176AF41A9DBFB000604F18 /* SetCardGame.m */,
				33176AFC1A9F2EC300604F18 /* ActionDescription.h */,
				33176AFD1A9F2EC300604F18 /* ActionDescription.m */,
			);
			name = Models;
			sourceTree = "<group>";
		};
/* End PBXGroup section */

/* Begin PBXNativeTarget section */
		33176A811A95C4B100604F18 /* PlayCard */ = {
			isa = PBXNativeTarget;
			buildConfigurationList = 33176AA51A95C4B200604F18 /* Build configuration list for PBXNativeTarget "PlayCard" */;
			buildPhases = (
				33176A7E1A95C4B100604F18 /* Sources */,
				33176A7F1A95C4B100604F18 /* Frameworks */,
				33176A801A95C4B100604F18 /* Resources */,
			);
			buildRules = (
			);
			dependencies = (
			);
			name = PlayCard;
			productName = PlayCard;
			productReference = 33176A821A95C4B100604F18 /* PlayCard.app */;
			productType = "com.apple.product-type.application";
		};
		33176A9A1A95C4B200604F18 /* PlayCardTests */ = {
			isa = PBXNativeTarget;
			buildConfigurationList = 33176AA81A95C4B200604F18 /* Build configuration list for PBXNativeTarget "PlayCardTests" */;
			buildPhases = (
				33176A971A95C4B200604F18 /* Sources */,
				33176A981A95C4B200604F18 /* Frameworks */,
				33176A991A95C4B200604F18 /* Resources */,
			);
			buildRules = (
			);
			dependencies = (
				33176A9D1A95C4B200604F18 /* PBXTargetDependency */,
			);
			name = PlayCardTests;
			productName = PlayCardTests;
			productReference = 33176A9B1A95C4B200604F18 /* PlayCardTests.xctest */;
			productType = "com.apple.product-type.bundle.unit-test";
		};
/* End PBXNativeTarget section */

/* Begin PBXProject section */
		33176A7A1A95C4B100604F18 /* Project object */ = {
			isa = PBXProject;
			attributes = {
				LastUpgradeCheck = 0610;
				ORGANIZATIONNAME = han;
				TargetAttributes = {
					33176A811A95C4B100604F18 = {
						CreatedOnToolsVersion = 6.1.1;
					};
					33176A9A1A95C4B200604F18 = {
						CreatedOnToolsVersion = 6.1.1;
						TestTargetID = 33176A811A95C4B100604F18;
					};
				};
			};
			buildConfigurationList = 33176A7D1A95C4B100604F18 /* Build configuration list for PBXProject "PlayCard" */;
			compatibilityVersion = "Xcode 3.2";
			developmentRegion = English;
			hasScannedForEncodings = 0;
			knownRegions = (
				en,
				Base,
			);
			mainGroup = 33176A791A95C4B100604F18;
			productRefGroup = 33176A831A95C4B100604F18 /* Products */;
			projectDirPath = "";
			projectRoot = "";
			targets = (
				33176A811A95C4B100604F18 /* PlayCard */,
				33176A9A1A95C4B200604F18 /* PlayCardTests */,
			);
		};
/* End PBXProject section */

/* Begin PBXResourcesBuildPhase section */
		33176A801A95C4B100604F18 /* Resources */ = {
			isa = PBXResourcesBuildPhase;
			buildActionMask = 2147483647;
			files = (
				33176A911A95C4B100604F18 /* Main.storyboard in Resources */,
				33176A961A95C4B100604F18 /* LaunchScreen.xib in Resources */,
				33176A931A95C4B100604F18 /* Images.xcassets in Resources */,
			);
			runOnlyForDeploymentPostprocessing = 0;
		};
		33176A991A95C4B200604F18 /* Resources */ = {
			isa = PBXResourcesBuildPhase;
			buildActionMask = 2147483647;
			files = (
			);
			runOnlyForDeploymentPostprocessing = 0;
		};
/* End PBXResourcesBuildPhase section */

/* Begin PBXSourcesBuildPhase section */
		33176A7E1A95C4B100604F18 /* Sources */ = {
			isa = PBXSourcesBuildPhase;
			buildActionMask = 2147483647;
			files = (
				33176AB41A95F15900604F18 /* PlayingCard.m in Sources */,
				33176AB11A95EE7200604F18 /* Deck.m in Sources */,
				33176A8E1A95C4B100604F18 /* ViewController.m in Sources */,
				33176A8B1A95C4B100604F18 /* AppDelegate.m in Sources */,
				33176ABA1A96302C00604F18 /* CardMatchingGame.m in Sources */,
				33176AF21A9DBF8B00604F18 /* SetCardDeck.m in Sources */,
				33176AFB1A9F254600604F18 /* HistoryViewController.m in Sources */,
				33176AB71A95F4D400604F18 /* PlayingCardDeck.m in Sources */,
				33176A881A95C4B100604F18 /* main.m in Sources */,
				33176AF51A9DBFB000604F18 /* SetCardGame.m in Sources */,
				33176AFE1A9F2EC300604F18 /* ActionDescription.m in Sources */,
				33176AAD1A95EC9D00604F18 /* Card.m in Sources */,
				33176AEF1A9DBF6B00604F18 /* SetCard.m in Sources */,
				33176AF81A9F03A600604F18 /* SetGameViewController.m in Sources */,
			);
			runOnlyForDeploymentPostprocessing = 0;
		};
		33176A971A95C4B200604F18 /* Sources */ = {
			isa = PBXSourcesBuildPhase;
			buildActionMask = 2147483647;
			files = (
				33176AA21A95C4B200604F18 /* PlayCardTests.m in Sources */,
			);
			runOnlyForDeploymentPostprocessing = 0;
		};
/* End PBXSourcesBuildPhase section */

/* Begin PBXTargetDependency section */
		33176A9D1A95C4B200604F18 /* PBXTargetDependency */ = {
			isa = PBXTargetDependency;
			target = 33176A811A95C4B100604F18 /* PlayCard */;
			targetProxy = 33176A9C1A95C4B200604F18 /* PBXContainerItemProxy */;
		};
/* End PBXTargetDependency section */

/* Begin PBXVariantGroup section */
		33176A8F1A95C4B100604F18 /* Main.storyboard */ = {
			isa = PBXVariantGroup;
			children = (
				33176A901A95C4B100604F18 /* Base */,
			);
			name = Main.storyboard;
			sourceTree = "<group>";
		};
		33176A941A95C4B100604F18 /* LaunchScreen.xib */ = {
			isa = PBXVariantGroup;
			children = (
				33176A951A95C4B100604F18 /* Base */,
			);
			name = LaunchScreen.xib;
			sourceTree = "<group>";
		};
/* End PBXVariantGroup section */

/* Begin XCBuildConfiguration section */
		33176AA31A95C4B200604F18 /* Debug */ = {
			isa = XCBuildConfiguration;
			buildSettings = {
				ALWAYS_SEARCH_USER_PATHS = NO;
				CLANG_CXX_LANGUAGE_STANDARD = "gnu++0x";
				CLANG_CXX_LIBRARY = "libc++";
				CLANG_ENABLE_MODULES = YES;
				CLANG_ENABLE_OBJC_ARC = YES;
				CLANG_WARN_BOOL_CONVERSION = YES;
				CLANG_WARN_CONSTANT_CONVERSION = YES;
				CLANG_WARN_DIRECT_OBJC_ISA_USAGE = YES_ERROR;
				CLANG_WARN_EMPTY_BODY = YES;
				CLANG_WARN_ENUM_CONVERSION = YES;
				CLANG_WARN_INT_CONVERSION = YES;
				CLANG_WARN_OBJC_ROOT_CLASS = YES_ERROR;
				CLANG_WARN_UNREACHABLE_CODE = YES;
				CLANG_WARN__DUPLICATE_METHOD_MATCH = YES;
				"CODE_SIGN_IDENTITY[sdk=iphoneos*]" = "iPhone Developer";
				COPY_PHASE_STRIP = NO;
				ENABLE_STRICT_OBJC_MSGSEND = YES;
				GCC_C_LANGUAGE_STANDARD = gnu99;
				GCC_DYNAMIC_NO_PIC = NO;
				GCC_OPTIMIZATION_LEVEL = 0;
				GCC_PREPROCESSOR_DEFINITIONS = (
					"DEBUG=1",
					"$(inherited)",
				);
				GCC_SYMBOLS_PRIVATE_EXTERN = NO;
				GCC_WARN_64_TO_32_BIT_CONVERSION = YES;
				GCC_WARN_ABOUT_RETURN_TYPE = YES_ERROR;
				GCC_WARN_UNDECLARED_SELECTOR = YES;
				GCC_WARN_UNINITIALIZED_AUTOS = YES_AGGRESSIVE;
				GCC_WARN_UNUSED_FUNCTION = YES;
				GCC_WARN_UNUSED_VARIABLE = YES;
				IPHONEOS_DEPLOYMENT_TARGET = 8.1;
				MTL_ENABLE_DEBUG_INFO = YES;
				ONLY_ACTIVE_ARCH = YES;
				SDKROOT = iphoneos;
			};
			name = Debug;
		};
		33176AA41A95C4B200604F18 /* Release */ = {
			isa = XCBuildConfiguration;
			buildSettings = {
				ALWAYS_SEARCH_USER_PATHS = NO;
				CLANG_CXX_LANGUAGE_STANDARD = "gnu++0x";
				CLANG_CXX_LIBRARY = "libc++";
				CLANG_ENABLE_MODULES = YES;
				CLANG_ENABLE_OBJC_ARC = YES;
				CLANG_WARN_BOOL_CONVERSION = YES;
				CLANG_WARN_CONSTANT_CONVERSION = YES;
				CLANG_WARN_DIRECT_OBJC_ISA_USAGE = YES_ERROR;
				CLANG_WARN_EMPTY_BODY = YES;
				CLANG_WARN_ENUM_CONVERSION = YES;
				CLANG_WARN_INT_CONVERSION = YES;
				CLANG_WARN_OBJC_ROOT_CLASS = YES_ERROR;
				CLANG_WARN_UNREACHABLE_CODE = YES;
				CLANG_WARN__DUPLICATE_METHOD_MATCH = YES;
				"CODE_SIGN_IDENTITY[sdk=iphoneos*]" = "iPhone Developer";
				COPY_PHASE_STRIP = YES;
				ENABLE_NS_ASSERTIONS = NO;
				ENABLE_STRICT_OBJC_MSGSEND = YES;
				GCC_C_LANGUAGE_STANDARD = gnu99;
				GCC_WARN_64_TO_32_BIT_CONVERSION = YES;
				GCC_WARN_ABOUT_RETURN_TYPE = YES_ERROR;
				GCC_WARN_UNDECLARED_SELECTOR = YES;
				GCC_WARN_UNINITIALIZED_AUTOS = YES_AGGRESSIVE;
				GCC_WARN_UNUSED_FUNCTION = YES;
				GCC_WARN_UNUSED_VARIABLE = YES;
				IPHONEOS_DEPLOYMENT_TARGET = 8.1;
				MTL_ENABLE_DEBUG_INFO = NO;
				SDKROOT = iphoneos;
				VALIDATE_PRODUCT = YES;
			};
			name = Release;
		};
		33176AA61A95C4B200604F18 /* Debug */ = {
			isa = XCBuildConfiguration;
			buildSettings = {
				ASSETCATALOG_COMPILER_APPICON_NAME = AppIcon;
				INFOPLIST_FILE = PlayCard/Info.plist;
				LD_RUNPATH_SEARCH_PATHS = "$(inherited) @executable_path/Frameworks";
				PRODUCT_NAME = "$(TARGET_NAME)";
			};
			name = Debug;
		};
		33176AA71A95C4B200604F18 /* Release */ = {
			isa = XCBuildConfiguration;
			buildSettings = {
				ASSETCATALOG_COMPILER_APPICON_NAME = AppIcon;
				INFOPLIST_FILE = PlayCard/Info.plist;
				LD_RUNPATH_SEARCH_PATHS = "$(inherited) @executable_path/Frameworks";
				PRODUCT_NAME = "$(TARGET_NAME)";
			};
			name = Release;
		};
		33176AA91A95C4B200604F18 /* Debug */ = {
			isa = XCBuildConfiguration;
			buildSettings = {
				BUNDLE_LOADER = "$(TEST_HOST)";
				FRAMEWORK_SEARCH_PATHS = (
					"$(SDKROOT)/Developer/Library/Frameworks",
					"$(inherited)",
				);
				GCC_PREPROCESSOR_DEFINITIONS = (
					"DEBUG=1",
					"$(inherited)",
				);
				INFOPLIST_FILE = PlayCardTests/Info.plist;
				LD_RUNPATH_SEARCH_PATHS = "$(inherited) @executable_path/Frameworks @loader_path/Frameworks";
				PRODUCT_NAME = "$(TARGET_NAME)";
				TEST_HOST = "$(BUILT_PRODUCTS_DIR)/PlayCard.app/PlayCard";
			};
			name = Debug;
		};
		33176AAA1A95C4B200604F18 /* Release */ = {
			isa = XCBuildConfiguration;
			buildSettings = {
				BUNDLE_LOADER = "$(TEST_HOST)";
				FRAMEWORK_SEARCH_PATHS = (
					"$(SDKROOT)/Developer/Library/Frameworks",
					"$(inherited)",
				);
				INFOPLIST_FILE = PlayCardTests/Info.plist;
				LD_RUNPATH_SEARCH_PATHS = "$(inherited) @executable_path/Frameworks @loader_path/Frameworks";
				PRODUCT_NAME = "$(TARGET_NAME)";
				TEST_HOST = "$(BUILT_PRODUCTS_DIR)/PlayCard.app/PlayCard";
			};
			name = Release;
		};
/* End XCBuildConfiguration section */

/* Begin XCConfigurationList section */
		33176A7D1A95C4B100604F18 /* Build configuration list for PBXProject "PlayCard" */ = {
			isa = XCConfigurationList;
			buildConfigurations = (
				33176AA31A95C4B200604F18 /* Debug */,
				33176AA41A95C4B200604F18 /* Release */,
			);
			defaultConfigurationIsVisible = 0;
			defaultConfigurationName = Release;
		};
		33176AA51A95C4B200604F18 /* Build configuration list for PBXNativeTarget "PlayCard" */ = {
			isa = XCConfigurationList;
			buildConfigurations = (
				33176AA61A95C4B200604F18 /* Debug */,
				33176AA71A95C4B200604F18 /* Release */,
			);
			defaultConfigurationIsVisible = 0;
			defaultConfigurationName = Release;
		};
		33176AA81A95C4B200604F18 /* Build configuration list for PBXNativeTarget "PlayCardTests" */ = {
			isa = XCConfigurationList;
			buildConfigurations = (
				33176AA91A95C4B200604F18 /* Debug */,
				33176AAA1A95C4B200604F18 /* Release */,
			);
			defaultConfigurationIsVisible = 0;
			defaultConfigurationName = Release;
		};
/* End XCConfigurationList section */
	};
	rootObject = 33176A7A1A95C4B100604F18 /* Project object */;
}
